
Microsoft Visual Studio Solution File, Format Version 12.00
# Visual Studio Version 16
VisualStudioVersion = 16.0.30523.141
MinimumVisualStudioVersion = 10.0.40219.1
Project("{FAE04EC0-301F-11D3-BF4B-00C04F79EFBC}") = "SecretariaDeEscuelas", "SecretariaDeEscuelas\SecretariaDeEscuelas.csproj", "{0045D22B-1047-4211-8EDC-2925E6E105CB}"
EndProject
Global
	GlobalSection(SolutionConfigurationPlatforms) = preSolution
		Debug|Any CPU = Debug|Any CPU
		Release|Any CPU = Release|Any CPU
	EndGlobalSection
	GlobalSection(ProjectConfigurationPlatforms) = postSolution
		{0045D22B-1047-4211-8EDC-2925E6E105CB}.Debug|Any CPU.ActiveCfg = Debug|Any CPU
		{0045D22B-1047-4211-8EDC-2925E6E105CB}.Debug|Any CPU.Build.0 = Debug|Any CPU
		{0045D22B-1047-4211-8EDC-2925E6E105CB}.Release|Any CPU.ActiveCfg = Release|Any CPU
		{0045D22B-1047-4211-8EDC-2925E6E105CB}.Release|Any CPU.Build.0 = Release|Any CPU
	EndGlobalSection
	GlobalSection(SolutionProperties) = preSolution
		HideSolutionNode = FALSE
	EndGlobalSection
	GlobalSection(ExtensibilityGlobals) = postSolution
		SolutionGuid = {4D3F0C22-1714-4A06-9BA6-38451198D114}
	EndGlobalSection
EndGlobal
